
Microsoft Visual Studio Solution File, Format Version 12.00
# Visual Studio Version 16
VisualStudioVersion = 16.0.29613.14
MinimumVisualStudioVersion = 10.0.40219.1
Project("{9A19103F-16F7-4668-BE54-9A1E7A4F7556}") = "Day0Task1", "DayTask1\Day0Task1.csproj", "{B9A0C27C-5929-4CEC-B2B4-DDE162E73DB4}"
EndProject
Global
	GlobalSection(SolutionConfigurationPlatforms) = preSolution
		Debug|Any CPU = Debug|Any CPU
		Release|Any CPU = Release|Any CPU
	EndGlobalSection
	GlobalSection(ProjectConfigurationPlatforms) = postSolution
		{B9A0C27C-5929-4CEC-B2B4-DDE162E73DB4}.Debug|Any CPU.ActiveCfg = Debug|Any CPU
		{B9A0C27C-5929-4CEC-B2B4-DDE162E73DB4}.Debug|Any CPU.Build.0 = Debug|Any CPU
		{B9A0C27C-5929-4CEC-B2B4-DDE162E73DB4}.Release|Any CPU.ActiveCfg = Release|Any CPU
		{B9A0C27C-5929-4CEC-B2B4-DDE162E73DB4}.Release|Any CPU.Build.0 = Release|Any CPU
	EndGlobalSection
	GlobalSection(SolutionProperties) = preSolution
		HideSolutionNode = FALSE
	EndGlobalSection
	GlobalSection(ExtensibilityGlobals) = postSolution
		SolutionGuid = {59142E18-480A-46DB-93CD-E2FD9E5851BF}
	EndGlobalSection
EndGlobal
